
Microsoft Visual Studio Solution File, Format Version 12.00
Project("{FAE04EC0-301F-11D3-BF4B-00C04F79EFBC}") = "Sms.Api", "Sms.Api\Sms.Api.csproj", "{BD6B6B0C-BCDF-4F48-816A-1D2AD7435322}"
EndProject
Project("{FAE04EC0-301F-11D3-BF4B-00C04F79EFBC}") = "Sms.Application", "Sms.Application\Sms.Application.csproj", "{270EB060-8C94-4746-8E64-5D3AC8CE1639}"
EndProject
Project("{FAE04EC0-301F-11D3-BF4B-00C04F79EFBC}") = "Sms.Infrastructure", "Sms.Infrastructure\Sms.Infrastructure.csproj", "{AB9B46C5-653C-4C0E-92DA-EFB70E88D1F1}"
EndProject
Project("{FAE04EC0-301F-11D3-BF4B-00C04F79EFBC}") = "Sms.Domain", "Sms.Domain\Sms.Domain.csproj", "{C667BF41-6090-4958-BDF0-0D2F0FE59B5E}"
EndProject
Global
	GlobalSection(SolutionConfigurationPlatforms) = preSolution
		Debug|Any CPU = Debug|Any CPU
		Release|Any CPU = Release|Any CPU
	EndGlobalSection
	GlobalSection(ProjectConfigurationPlatforms) = postSolution
		{BD6B6B0C-BCDF-4F48-816A-1D2AD7435322}.Debug|Any CPU.ActiveCfg = Debug|Any CPU
		{BD6B6B0C-BCDF-4F48-816A-1D2AD7435322}.Debug|Any CPU.Build.0 = Debug|Any CPU
		{BD6B6B0C-BCDF-4F48-816A-1D2AD7435322}.Release|Any CPU.ActiveCfg = Release|Any CPU
		{BD6B6B0C-BCDF-4F48-816A-1D2AD7435322}.Release|Any CPU.Build.0 = Release|Any CPU
		{270EB060-8C94-4746-8E64-5D3AC8CE1639}.Debug|Any CPU.ActiveCfg = Debug|Any CPU
		{270EB060-8C94-4746-8E64-5D3AC8CE1639}.Debug|Any CPU.Build.0 = Debug|Any CPU
		{270EB060-8C94-4746-8E64-5D3AC8CE1639}.Release|Any CPU.ActiveCfg = Release|Any CPU
		{270EB060-8C94-4746-8E64-5D3AC8CE1639}.Release|Any CPU.Build.0 = Release|Any CPU
		{AB9B46C5-653C-4C0E-92DA-EFB70E88D1F1}.Debug|Any CPU.ActiveCfg = Debug|Any CPU
		{AB9B46C5-653C-4C0E-92DA-EFB70E88D1F1}.Debug|Any CPU.Build.0 = Debug|Any CPU
		{AB9B46C5-653C-4C0E-92DA-EFB70E88D1F1}.Release|Any CPU.ActiveCfg = Release|Any CPU
		{AB9B46C5-653C-4C0E-92DA-EFB70E88D1F1}.Release|Any CPU.Build.0 = Release|Any CPU
		{C667BF41-6090-4958-BDF0-0D2F0FE59B5E}.Debug|Any CPU.ActiveCfg = Debug|Any CPU
		{C667BF41-6090-4958-BDF0-0D2F0FE59B5E}.Debug|Any CPU.Build.0 = Debug|Any CPU
		{C667BF41-6090-4958-BDF0-0D2F0FE59B5E}.Release|Any CPU.ActiveCfg = Release|Any CPU
		{C667BF41-6090-4958-BDF0-0D2F0FE59B5E}.Release|Any CPU.Build.0 = Release|Any CPU
	EndGlobalSection
EndGlobal
